
Microsoft Visual Studio Solution File, Format Version 12.00
# Visual Studio Version 17
VisualStudioVersion = 17.4.33213.308
MinimumVisualStudioVersion = 10.0.40219.1
Project("{FAE04EC0-301F-11D3-BF4B-00C04F79EFBC}") = "Bai1_HelloWorld_14_9", "Bai1_HelloWorld_14_9\Bai1_HelloWorld_14_9.csproj", "{1C9F1E26-E83A-4AE4-A8C0-30780C23BFB8}"
EndProject
Project("{FAE04EC0-301F-11D3-BF4B-00C04F79EFBC}") = "Bai1_SetStartup", "Bai1_SetStartup\Bai1_SetStartup.csproj", "{8046CF72-7D60-4A4B-869A-0AE85AE6DB04}"
EndProject
Project("{FAE04EC0-301F-11D3-BF4B-00C04F79EFBC}") = "Buoi1_NhapXuat", "Buoi1_NhapXuat\Buoi1_NhapXuat.csproj", "{7578FC95-1593-4D8F-AF71-EC2F41E99187}"
EndProject
Project("{FAE04EC0-301F-11D3-BF4B-00C04F79EFBC}") = "Buoi2_Kieudulieu_Nhapxuat", "Buoi2_Kieudulieu_Nhapxuat\Buoi2_Kieudulieu_Nhapxuat.csproj", "{6DC1A1EA-FD91-4CC3-B6B4-C7B6063A9278}"
EndProject
Project("{FAE04EC0-301F-11D3-BF4B-00C04F79EFBC}") = "Buoi3_ToanTu_CaulenhDieukien", "Buoi3_ToanTu_CaulenhDieukien\Buoi3_ToanTu_CaulenhDieukien.csproj", "{7657ACCB-15C6-4239-BD50-62F38D9EB578}"
EndProject
Project("{FAE04EC0-301F-11D3-BF4B-00C04F79EFBC}") = "Buoi4_Vonglap", "Buoi4_Vonglap\Buoi4_Vonglap.csproj", "{314FFD41-BF08-4360-A0B8-501123C3FF0B}"
EndProject
Project("{FAE04EC0-301F-11D3-BF4B-00C04F79EFBC}") = "Buoi5_Mang", "Buoi5_Mang\Buoi5_Mang.csproj", "{7379C1FE-A904-49A8-B275-B590C301FBFC}"
EndProject
Project("{FAE04EC0-301F-11D3-BF4B-00C04F79EFBC}") = "Buoi5_Ham_Function", "Buoi5_Ham_Function\Buoi5_Ham_Function.csproj", "{6F4DFFD1-959A-4859-A682-C7CFACC54ACC}"
EndProject
Project("{FAE04EC0-301F-11D3-BF4B-00C04F79EFBC}") = "Buoi6_Function", "Buoi6_Function\Buoi6_Function.csproj", "{ABB065CB-6091-41A2-A6C7-9B313B89BB01}"
EndProject
Project("{FAE04EC0-301F-11D3-BF4B-00C04F79EFBC}") = "Buoi7_ChuaLab", "Buoi7_ChuaLab\Buoi7_ChuaLab.csproj", "{05BB519D-EDC7-4A01-AC7C-7396FED36FB4}"
EndProject
Project("{FAE04EC0-301F-11D3-BF4B-00C04F79EFBC}") = "Buoi8_OOP", "Buoi8_OOP\Buoi8_OOP.csproj", "{ACF9698F-3559-4E20-9A2B-3E20E76BB577}"
EndProject
Project("{FAE04EC0-301F-11D3-BF4B-00C04F79EFBC}") = "Buoi9_4TC_OOP_1", "Buoi9_4TC_OOP_1\Buoi9_4TC_OOP_1.csproj", "{27FF9C82-7F85-49A0-8075-9097080E79DE}"
EndProject
Global
	GlobalSection(SolutionConfigurationPlatforms) = preSolution
		Debug|Any CPU = Debug|Any CPU
		Release|Any CPU = Release|Any CPU
	EndGlobalSection
	GlobalSection(ProjectConfigurationPlatforms) = postSolution
		{1C9F1E26-E83A-4AE4-A8C0-30780C23BFB8}.Debug|Any CPU.ActiveCfg = Debug|Any CPU
		{1C9F1E26-E83A-4AE4-A8C0-30780C23BFB8}.Debug|Any CPU.Build.0 = Debug|Any CPU
		{1C9F1E26-E83A-4AE4-A8C0-30780C23BFB8}.Release|Any CPU.ActiveCfg = Release|Any CPU
		{1C9F1E26-E83A-4AE4-A8C0-30780C23BFB8}.Release|Any CPU.Build.0 = Release|Any CPU
		{8046CF72-7D60-4A4B-869A-0AE85AE6DB04}.Debug|Any CPU.ActiveCfg = Debug|Any CPU
		{8046CF72-7D60-4A4B-869A-0AE85AE6DB04}.Debug|Any CPU.Build.0 = Debug|Any CPU
		{8046CF72-7D60-4A4B-869A-0AE85AE6DB04}.Release|Any CPU.ActiveCfg = Release|Any CPU
		{8046CF72-7D60-4A4B-869A-0AE85AE6DB04}.Release|Any CPU.Build.0 = Release|Any CPU
		{7578FC95-1593-4D8F-AF71-EC2F41E99187}.Debug|Any CPU.ActiveCfg = Debug|Any CPU
		{7578FC95-1593-4D8F-AF71-EC2F41E99187}.Debug|Any CPU.Build.0 = Debug|Any CPU
		{7578FC95-1593-4D8F-AF71-EC2F41E99187}.Release|Any CPU.ActiveCfg = Release|Any CPU
		{7578FC95-1593-4D8F-AF71-EC2F41E99187}.Release|Any CPU.Build.0 = Release|Any CPU
		{6DC1A1EA-FD91-4CC3-B6B4-C7B6063A9278}.Debug|Any CPU.ActiveCfg = Debug|Any CPU
		{6DC1A1EA-FD91-4CC3-B6B4-C7B6063A9278}.Debug|Any CPU.Build.0 = Debug|Any CPU
		{6DC1A1EA-FD91-4CC3-B6B4-C7B6063A9278}.Release|Any CPU.ActiveCfg = Release|Any CPU
		{6DC1A1EA-FD91-4CC3-B6B4-C7B6063A9278}.Release|Any CPU.Build.0 = Release|Any CPU
		{7657ACCB-15C6-4239-BD50-62F38D9EB578}.Debug|Any CPU.ActiveCfg = Debug|Any CPU
		{7657ACCB-15C6-4239-BD50-62F38D9EB578}.Debug|Any CPU.Build.0 = Debug|Any CPU
		{7657ACCB-15C6-4239-BD50-62F38D9EB578}.Release|Any CPU.ActiveCfg = Release|Any CPU
		{7657ACCB-15C6-4239-BD50-62F38D9EB578}.Release|Any CPU.Build.0 = Release|Any CPU
		{314FFD41-BF08-4360-A0B8-501123C3FF0B}.Debug|Any CPU.ActiveCfg = Debug|Any CPU
		{314FFD41-BF08-4360-A0B8-501123C3FF0B}.Debug|Any CPU.Build.0 = Debug|Any CPU
		{314FFD41-BF08-4360-A0B8-501123C3FF0B}.Release|Any CPU.ActiveCfg = Release|Any CPU
		{314FFD41-BF08-4360-A0B8-501123C3FF0B}.Release|Any CPU.Build.0 = Release|Any CPU
		{7379C1FE-A904-49A8-B275-B590C301FBFC}.Debug|Any CPU.ActiveCfg = Debug|Any CPU
		{7379C1FE-A904-49A8-B275-B590C301FBFC}.Debug|Any CPU.Build.0 = Debug|Any CPU
		{7379C1FE-A904-49A8-B275-B590C301FBFC}.Release|Any CPU.ActiveCfg = Release|Any CPU
		{7379C1FE-A904-49A8-B275-B590C301FBFC}.Release|Any CPU.Build.0 = Release|Any CPU
		{6F4DFFD1-959A-4859-A682-C7CFACC54ACC}.Debug|Any CPU.ActiveCfg = Debug|Any CPU
		{6F4DFFD1-959A-4859-A682-C7CFACC54ACC}.Debug|Any CPU.Build.0 = Debug|Any CPU
		{6F4DFFD1-959A-4859-A682-C7CFACC54ACC}.Release|Any CPU.ActiveCfg = Release|Any CPU
		{6F4DFFD1-959A-4859-A682-C7CFACC54ACC}.Release|Any CPU.Build.0 = Release|Any CPU
		{ABB065CB-6091-41A2-A6C7-9B313B89BB01}.Debug|Any CPU.ActiveCfg = Debug|Any CPU
		{ABB065CB-6091-41A2-A6C7-9B313B89BB01}.Debug|Any CPU.Build.0 = Debug|Any CPU
		{ABB065CB-6091-41A2-A6C7-9B313B89BB01}.Release|Any CPU.ActiveCfg = Release|Any CPU
		{ABB065CB-6091-41A2-A6C7-9B313B89BB01}.Release|Any CPU.Build.0 = Release|Any CPU
		{05BB519D-EDC7-4A01-AC7C-7396FED36FB4}.Debug|Any CPU.ActiveCfg = Debug|Any CPU
		{05BB519D-EDC7-4A01-AC7C-7396FED36FB4}.Debug|Any CPU.Build.0 = Debug|Any CPU
		{05BB519D-EDC7-4A01-AC7C-7396FED36FB4}.Release|Any CPU.ActiveCfg = Release|Any CPU
		{05BB519D-EDC7-4A01-AC7C-7396FED36FB4}.Release|Any CPU.Build.0 = Release|Any CPU
		{ACF9698F-3559-4E20-9A2B-3E20E76BB577}.Debug|Any CPU.ActiveCfg = Debug|Any CPU
		{ACF9698F-3559-4E20-9A2B-3E20E76BB577}.Debug|Any CPU.Build.0 = Debug|Any CPU
		{ACF9698F-3559-4E20-9A2B-3E20E76BB577}.Release|Any CPU.ActiveCfg = Release|Any CPU
		{ACF9698F-3559-4E20-9A2B-3E20E76BB577}.Release|Any CPU.Build.0 = Release|Any CPU
		{27FF9C82-7F85-49A0-8075-9097080E79DE}.Debug|Any CPU.ActiveCfg = Debug|Any CPU
		{27FF9C82-7F85-49A0-8075-9097080E79DE}.Debug|Any CPU.Build.0 = Debug|Any CPU
		{27FF9C82-7F85-49A0-8075-9097080E79DE}.Release|Any CPU.ActiveCfg = Release|Any CPU
		{27FF9C82-7F85-49A0-8075-9097080E79DE}.Release|Any CPU.Build.0 = Release|Any CPU
	EndGlobalSection
	GlobalSection(SolutionProperties) = preSolution
		HideSolutionNode = FALSE
	EndGlobalSection
	GlobalSection(ExtensibilityGlobals) = postSolution
		SolutionGuid = {338BC240-1581-47CE-A6BF-0C5C1D6F1BBD}
	EndGlobalSection
EndGlobal
