
Microsoft Visual Studio Solution File, Format Version 12.00
# Visual Studio Version 17
VisualStudioVersion = 17.4.33213.308
MinimumVisualStudioVersion = 10.0.40219.1
Project("{FAE04EC0-301F-11D3-BF4B-00C04F79EFBC}") = "Bai1_HelloWorld_14_9", "Bai1_HelloWorld_14_9\Bai1_HelloWorld_14_9.csproj", "{1C9F1E26-E83A-4AE4-A8C0-30780C23BFB8}"
EndProject
Project("{FAE04EC0-301F-11D3-BF4B-00C04F79EFBC}") = "Bai1_SetStartup", "Bai1_SetStartup\Bai1_SetStartup.csproj", "{8046CF72-7D60-4A4B-869A-0AE85AE6DB04}"
EndProject
Project("{FAE04EC0-301F-11D3-BF4B-00C04F79EFBC}") = "Buoi1_NhapXuat", "Buoi1_NhapXuat\Buoi1_NhapXuat.csproj", "{7578FC95-1593-4D8F-AF71-EC2F41E99187}"
EndProject
Project("{FAE04EC0-301F-11D3-BF4B-00C04F79EFBC}") = "Buoi2_Kieudulieu_Nhapxuat", "Buoi2_Kieudulieu_Nhapxuat\Buoi2_Kieudulieu_Nhapxuat.csproj", "{6DC1A1EA-FD91-4CC3-B6B4-C7B6063A9278}"
EndProject
Project("{FAE04EC0-301F-11D3-BF4B-00C04F79EFBC}") = "Buoi3_ToanTu_CaulenhDieukien", "Buoi3_ToanTu_CaulenhDieukien\Buoi3_ToanTu_CaulenhDieukien.csproj", "{7657ACCB-15C6-4239-BD50-62F38D9EB578}"
EndProject
Global
	GlobalSection(SolutionConfigurationPlatforms) = preSolution
		Debug|Any CPU = Debug|Any CPU
		Release|Any CPU = Release|Any CPU
	EndGlobalSection
	GlobalSection(ProjectConfigurationPlatforms) = postSolution
		{1C9F1E26-E83A-4AE4-A8C0-30780C23BFB8}.Debug|Any CPU.ActiveCfg = Debug|Any CPU
		{1C9F1E26-E83A-4AE4-A8C0-30780C23BFB8}.Debug|Any CPU.Build.0 = Debug|Any CPU
		{1C9F1E26-E83A-4AE4-A8C0-30780C23BFB8}.Release|Any CPU.ActiveCfg = Release|Any CPU
		{1C9F1E26-E83A-4AE4-A8C0-30780C23BFB8}.Release|Any CPU.Build.0 = Release|Any CPU
		{8046CF72-7D60-4A4B-869A-0AE85AE6DB04}.Debug|Any CPU.ActiveCfg = Debug|Any CPU
		{8046CF72-7D60-4A4B-869A-0AE85AE6DB04}.Debug|Any CPU.Build.0 = Debug|Any CPU
		{8046CF72-7D60-4A4B-869A-0AE85AE6DB04}.Release|Any CPU.ActiveCfg = Release|Any CPU
		{8046CF72-7D60-4A4B-869A-0AE85AE6DB04}.Release|Any CPU.Build.0 = Release|Any CPU
		{7578FC95-1593-4D8F-AF71-EC2F41E99187}.Debug|Any CPU.ActiveCfg = Debug|Any CPU
		{7578FC95-1593-4D8F-AF71-EC2F41E99187}.Debug|Any CPU.Build.0 = Debug|Any CPU
		{7578FC95-1593-4D8F-AF71-EC2F41E99187}.Release|Any CPU.ActiveCfg = Release|Any CPU
		{7578FC95-1593-4D8F-AF71-EC2F41E99187}.Release|Any CPU.Build.0 = Release|Any CPU
		{6DC1A1EA-FD91-4CC3-B6B4-C7B6063A9278}.Debug|Any CPU.ActiveCfg = Debug|Any CPU
		{6DC1A1EA-FD91-4CC3-B6B4-C7B6063A9278}.Debug|Any CPU.Build.0 = Debug|Any CPU
		{6DC1A1EA-FD91-4CC3-B6B4-C7B6063A9278}.Release|Any CPU.ActiveCfg = Release|Any CPU
		{6DC1A1EA-FD91-4CC3-B6B4-C7B6063A9278}.Release|Any CPU.Build.0 = Release|Any CPU
		{7657ACCB-15C6-4239-BD50-62F38D9EB578}.Debug|Any CPU.ActiveCfg = Debug|Any CPU
		{7657ACCB-15C6-4239-BD50-62F38D9EB578}.Debug|Any CPU.Build.0 = Debug|Any CPU
		{7657ACCB-15C6-4239-BD50-62F38D9EB578}.Release|Any CPU.ActiveCfg = Release|Any CPU
		{7657ACCB-15C6-4239-BD50-62F38D9EB578}.Release|Any CPU.Build.0 = Release|Any CPU
	EndGlobalSection
	GlobalSection(SolutionProperties) = preSolution
		HideSolutionNode = FALSE
	EndGlobalSection
	GlobalSection(ExtensibilityGlobals) = postSolution
		SolutionGuid = {338BC240-1581-47CE-A6BF-0C5C1D6F1BBD}
	EndGlobalSection
EndGlobal
